
Microsoft Visual Studio Solution File, Format Version 12.00
# Visual Studio Version 16
VisualStudioVersion = 16.0.32228.343
MinimumVisualStudioVersion = 10.0.40219.1
Project("{FAE04EC0-301F-11D3-BF4B-00C04F79EFBC}") = "HD_Demo", "HD_Demo\HD_Demo.csproj", "{17D3A3C9-0605-4B7D-AF5E-114058EA4B05}"
EndProject
Global
	GlobalSection(SolutionConfigurationPlatforms) = preSolution
		Debug|Any CPU = Debug|Any CPU
		Release|Any CPU = Release|Any CPU
	EndGlobalSection
	GlobalSection(ProjectConfigurationPlatforms) = postSolution
		{17D3A3C9-0605-4B7D-AF5E-114058EA4B05}.Debug|Any CPU.ActiveCfg = Debug|Any CPU
		{17D3A3C9-0605-4B7D-AF5E-114058EA4B05}.Debug|Any CPU.Build.0 = Debug|Any CPU
		{17D3A3C9-0605-4B7D-AF5E-114058EA4B05}.Release|Any CPU.ActiveCfg = Release|Any CPU
		{17D3A3C9-0605-4B7D-AF5E-114058EA4B05}.Release|Any CPU.Build.0 = Release|Any CPU
	EndGlobalSection
	GlobalSection(SolutionProperties) = preSolution
		HideSolutionNode = FALSE
	EndGlobalSection
	GlobalSection(ExtensibilityGlobals) = postSolution
		SolutionGuid = {2B9C7427-FB71-4A0F-B2A7-8FC1B55082F0}
	EndGlobalSection
EndGlobal
